{
  "R": {
    "Version": "4.6.1",
    "Repositories": [
      {
        "Name": "CRAN",
        "URL": "https://cloud.r-project.org"
      }
    ]
  },
  "Packages": {
    "BH": {
      "Package": "BH",
      "Version": "1.90.0-1",
      "Source": "Repository",
      "Repository": "CRAN"
    },
    "Brobdingnag": {
      "Package": "Brobdingnag",
      "Version": "1.3-1",
      "Source": "Repository",
      "Depends": [
        "R (>= 3.5.0)"
      ],
      "Imports": [
        "methods",
        "Matrix (>= 1.5-0)",
        "graphics"
      ],
      "Repository": "CRAN"
    },
    "Matrix": {
      "Package": "Matrix",
      "Version": "1.7-6",
      "Source": "Repository",
      "Depends": [
        "R (>= 4.4)",
        "methods"
      ],
      "Imports": [
        "grDevices",
        "graphics",
        "grid",
        "lattice",
        "stats",
        "utils"
      ],
      "Repository": "CRAN"
    },
    "QuickJSR": {
      "Package": "QuickJSR",
      "Version": "1.11.0",
      "Source": "Repository",
      "Repository": "CRAN"
    },
    "R6": {
      "Package": "R6",
      "Version": "2.6.1",
      "Source": "Repository",
      "Depends": [
        "R (>= 3.6)"
      ],
      "Repository": "CRAN"
    },
    "RColorBrewer": {
      "Package": "RColorBrewer",
      "Version": "1.1-3",
      "Source": "Repository",
      "Depends": [
        "R (>= 2.0.0)"
      ],
      "Repository": "CRAN"
    },
    "Rcpp": {
      "Package": "Rcpp",
      "Version": "1.1.2",
      "Source": "Repository",
      "Depends": [
        "R (>= 3.5.0)"
      ],
      "Imports": [
        "methods",
        "utils"
      ],
      "Repository": "CRAN"
    },
    "RcppEigen": {
      "Package": "RcppEigen",
      "Version": "0.3.4.0.2",
      "Source": "Repository",
      "Depends": [
        "R (>= 3.6.0)"
      ],
      "LinkingTo": [
        "Rcpp"
      ],
      "Imports": [
        "Rcpp (>= 0.11.0)",
        "stats",
        "utils"
      ],
      "Repository": "CRAN"
    },
    "RcppParallel": {
      "Package": "RcppParallel",
      "Version": "6.2.1",
      "Source": "Repository",
      "Depends": [
        "R (>= 3.6.0)"
      ],
      "Repository": "CRAN"
    },
    "S7": {
      "Package": "S7",
      "Version": "0.2.2",
      "Source": "Repository",
      "Depends": [
        "R (>= 3.5.0)"
      ],
      "Imports": [
        "utils"
      ],
      "Repository": "CRAN"
    },
    "StanHeaders": {
      "Package": "StanHeaders",
      "Version": "2.39.1",
      "Source": "Repository",
      "Imports": [
        "RcppParallel (>= 5.1.4)"
      ],
      "LinkingTo": [
        "RcppEigen (>= 0.3.3.9.3)",
        "RcppParallel (>= 5.1.4)"
      ],
      "Depends": [
        "R (>= 3.4.0)"
      ],
      "Repository": "CRAN"
    },
    "abind": {
      "Package": "abind",
      "Version": "1.4-8",
      "Source": "Repository",
      "Depends": [
        "R (>= 1.5.0)"
      ],
      "Imports": [
        "methods",
        "utils"
      ],
      "Repository": "CRAN"
    },
    "askpass": {
      "Package": "askpass",
      "Version": "1.2.1",
      "Source": "Repository",
      "Imports": [
        "sys (>= 2.1)"
      ],
      "Repository": "CRAN"
    },
    "backports": {
      "Package": "backports",
      "Version": "1.5.1",
      "Source": "Repository",
      "Depends": [
        "R (>= 3.0.0)"
      ],
      "Repository": "CRAN"
    },
    "base64enc": {
      "Package": "base64enc",
      "Version": "0.1-6",
      "Source": "Repository",
      "Depends": [
        "R (>= 2.9.0)"
      ],
      "Repository": "CRAN"
    },
    "bayesplot": {
      "Package": "bayesplot",
      "Version": "1.16.0",
      "Source": "Repository",
      "Depends": [
        "R (>= 4.1.0)"
      ],
      "Imports": [
        "dplyr (>= 1.0.0)",
        "ggdist",
        "ggplot2 (>= 3.5.0)",
        "ggridges (>= 0.5.5)",
        "glue",
        "lifecycle",
        "posterior (>= 1.7.0)",
        "reshape2",
        "rlang (>= 1.0.0)",
        "stats",
        "tibble (>= 2.0.0)",
        "tidyr",
        "tidyselect",
        "utils"
      ],
      "Repository": "CRAN"
    },
    "bit": {
      "Package": "bit",
      "Version": "4.6.0",
      "Source": "Repository",
      "Depends": [
        "R (>= 3.4.0)"
      ],
      "Repository": "CRAN"
    },
    "bit64": {
      "Package": "bit64",
      "Version": "4.8.6",
      "Source": "Repository",
      "Depends": [
        "R (>= 3.5.0)"
      ],
      "Imports": [
        "bit (>= 4.0.0)",
        "graphics",
        "methods",
        "stats",
        "utils"
      ],
      "Repository": "CRAN"
    },
    "bridgesampling": {
      "Package": "bridgesampling",
      "Version": "1.2-1",
      "Source": "Repository",
      "Depends": [
        "R (>= 3.0.0)"
      ],
      "Imports": [
        "mvtnorm",
        "Matrix",
        "Brobdingnag",
        "stringr",
        "coda",
        "parallel",
        "scales",
        "utils",
        "methods"
      ],
      "Repository": "CRAN"
    },
    "brms": {
      "Package": "brms",
      "Version": "2.23.0",
      "Source": "Repository",
      "Depends": [
        "R (>= 3.6.0)",
        "Rcpp (>= 0.12.0)",
        "methods"
      ],
      "Imports": [
        "rstan (>= 2.29.0)",
        "ggplot2 (>= 2.0.0)",
        "loo (>= 2.8.0)",
        "posterior (>= 1.6.0)",
        "Matrix (>= 1.1.1)",
        "mgcv (>= 1.8-13)",
        "rstantools (>= 2.1.1)",
        "bayesplot (>= 1.5.0)",
        "bridgesampling (>= 0.3-0)",
        "glue (>= 1.3.0)",
        "rlang (>= 1.0.0)",
        "future (>= 1.19.0)",
        "future.apply (>= 1.0.0)",
        "matrixStats",
        "nleqslv",
        "nlme",
        "coda",
        "abind",
        "stats",
        "utils",
        "parallel",
        "grDevices",
        "backports"
      ],
      "Repository": "CRAN"
    },
    "bslib": {
      "Package": "bslib",
      "Version": "0.12.0",
      "Source": "Repository",
      "Depends": [
        "R (>= 2.10)"
      ],
      "Imports": [
        "base64enc",
        "cachem",
        "fastmap (>= 1.1.1)",
        "grDevices",
        "htmltools (>= 0.5.8)",
        "jquerylib (>= 0.1.3)",
        "jsonlite",
        "lifecycle",
        "memoise (>= 2.0.1)",
        "mime",
        "rlang",
        "sass (>= 0.4.9)"
      ],
      "Repository": "CRAN"
    },
    "cachem": {
      "Package": "cachem",
      "Version": "1.1.0",
      "Source": "Repository",
      "Imports": [
        "rlang",
        "fastmap (>= 1.2.0)"
      ],
      "Repository": "CRAN"
    },
    "callr": {
      "Package": "callr",
      "Version": "3.8.0",
      "Source": "Repository",
      "Depends": [
        "R (>= 3.4)"
      ],
      "Imports": [
        "otel (>= 0.2.0)",
        "processx (>= 3.6.1)",
        "R6",
        "utils"
      ],
      "Repository": "CRAN"
    },
    "cellranger": {
      "Package": "cellranger",
      "Version": "1.1.0",
      "Source": "Repository",
      "Depends": [
        "R (>= 3.0.0)"
      ],
      "Imports": [
        "rematch",
        "tibble"
      ],
      "Repository": "CRAN"
    },
    "checkmate": {
      "Package": "checkmate",
      "Version": "2.3.4",
      "Source": "Repository",
      "Depends": [
        "R (>= 3.0.0)"
      ],
      "Imports": [
        "backports (>= 1.1.0)",
        "utils"
      ],
      "Repository": "CRAN"
    },
    "cli": {
      "Package": "cli",
      "Version": "3.6.6",
      "Source": "Repository",
      "Depends": [
        "R (>= 3.4)"
      ],
      "Imports": [
        "utils"
      ],
      "Repository": "CRAN"
    },
    "clipr": {
      "Package": "clipr",
      "Version": "0.8.1",
      "Source": "Repository",
      "Imports": [
        "utils"
      ],
      "Repository": "CRAN"
    },
    "cmdstanr": {
      "Package": "cmdstanr",
      "Version": "0.9.0",
      "Source": "Repository",
      "Depends": [
        "R (>= 3.5.0)"
      ],
      "Imports": [
        "checkmate",
        "data.table",
        "jsonlite (>= 1.2.0)",
        "posterior (>= 1.4.1)",
        "processx (>= 3.5.0)",
        "R6 (>= 2.4.0)",
        "withr (>= 2.5.0)",
        "rlang (>= 0.4.7)"
      ],
      "Repository": "https://stan-dev.r-universe.dev",
      "RemoteUrl": "https://github.com/stan-dev/cmdstanr",
      "RemoteRef": "v0.9.0",
      "RemoteSha": "da99e2ba954658bdad63bffb738c4444c33a4e0e"
    },
    "coda": {
      "Package": "coda",
      "Version": "0.19-4.1",
      "Source": "Repository",
      "Depends": [
        "R (>= 2.14.0)"
      ],
      "Imports": [
        "lattice"
      ],
      "Repository": "CRAN"
    },
    "codetools": {
      "Package": "codetools",
      "Version": "0.2-20",
      "Source": "Repository",
      "Depends": [
        "R (>= 2.1)"
      ],
      "Repository": "CRAN"
    },
    "cpp11": {
      "Package": "cpp11",
      "Version": "0.5.5",
      "Source": "Repository",
      "Depends": [
        "R (>= 4.0.0)"
      ],
      "Repository": "CRAN"
    },
    "crayon": {
      "Package": "crayon",
      "Version": "1.5.3",
      "Source": "Repository",
      "Imports": [
        "grDevices",
        "methods",
        "utils"
      ],
      "Repository": "CRAN"
    },
    "data.table": {
      "Package": "data.table",
      "Version": "1.18.6.1",
      "Source": "Repository",
      "Depends": [
        "R (>= 3.4.0)"
      ],
      "Imports": [
        "methods"
      ],
      "Repository": "CRAN"
    },
    "desc": {
      "Package": "desc",
      "Version": "1.4.3",
      "Source": "Repository",
      "Depends": [
        "R (>= 3.4)"
      ],
      "Imports": [
        "cli",
        "R6",
        "utils"
      ],
      "Repository": "CRAN"
    },
    "digest": {
      "Package": "digest",
      "Version": "0.6.39",
      "Source": "Repository",
      "Depends": [
        "R (>= 3.3.0)"
      ],
      "Imports": [
        "utils"
      ],
      "Repository": "CRAN"
    },
    "distributional": {
      "Package": "distributional",
      "Version": "0.9.0",
      "Source": "Repository",
      "Depends": [
        "R (>= 4.0.0)"
      ],
      "Imports": [
        "vctrs (>= 0.3.0)",
        "rlang (>= 0.4.5)",
        "generics",
        "stats",
        "numDeriv",
        "utils",
        "lifecycle",
        "pillar"
      ],
      "Repository": "CRAN"
    },
    "dplyr": {
      "Package": "dplyr",
      "Version": "1.2.1",
      "Source": "Repository",
      "Depends": [
        "R (>= 4.1.0)"
      ],
      "Imports": [
        "cli (>= 3.6.2)",
        "generics",
        "glue (>= 1.3.2)",
        "lifecycle (>= 1.0.5)",
        "magrittr (>= 1.5)",
        "methods",
        "pillar (>= 1.9.0)",
        "R6",
        "rlang (>= 1.1.7)",
        "tibble (>= 3.2.0)",
        "tidyselect (>= 1.2.0)",
        "utils",
        "vctrs (>= 0.7.1)"
      ],
      "Repository": "CRAN"
    },
    "evaluate": {
      "Package": "evaluate",
      "Version": "1.0.5",
      "Source": "Repository",
      "Depends": [
        "R (>= 3.6.0)"
      ],
      "Repository": "CRAN"
    },
    "farver": {
      "Package": "farver",
      "Version": "2.1.2",
      "Source": "Repository",
      "Repository": "CRAN"
    },
    "fastmap": {
      "Package": "fastmap",
      "Version": "1.2.0",
      "Source": "Repository",
      "Repository": "CRAN"
    },
    "fontawesome": {
      "Package": "fontawesome",
      "Version": "0.5.3",
      "Source": "Repository",
      "Depends": [
        "R (>= 3.3.0)"
      ],
      "Imports": [
        "rlang (>= 1.0.6)",
        "htmltools (>= 0.5.1.1)"
      ],
      "Repository": "CRAN"
    },
    "fs": {
      "Package": "fs",
      "Version": "2.1.0",
      "Source": "Repository",
      "Depends": [
        "R (>= 4.1)"
      ],
      "Imports": [
        "methods"
      ],
      "Repository": "CRAN"
    },
    "future": {
      "Package": "future",
      "Version": "1.75.0",
      "Source": "Repository",
      "Depends": [
        "R (>= 3.2.0)"
      ],
      "Imports": [
        "digest",
        "globals (>= 0.18.0)",
        "listenv (>= 0.8.0)",
        "parallel",
        "parallelly (>= 1.44.0)",
        "tools",
        "utils"
      ],
      "Repository": "CRAN"
    },
    "future.apply": {
      "Package": "future.apply",
      "Version": "1.20.2",
      "Source": "Repository",
      "Depends": [
        "R (>= 3.2.0)",
        "future (>= 1.49.0)"
      ],
      "Imports": [
        "globals",
        "parallel",
        "utils"
      ],
      "Repository": "CRAN"
    },
    "generics": {
      "Package": "generics",
      "Version": "0.1.4",
      "Source": "Repository",
      "Depends": [
        "R (>= 3.6)"
      ],
      "Imports": [
        "methods"
      ],
      "Repository": "CRAN"
    },
    "ggdist": {
      "Package": "ggdist",
      "Version": "3.3.3",
      "Source": "Repository",
      "Depends": [
        "R (>= 4.0.0)"
      ],
      "Imports": [
        "grid",
        "ggplot2 (>= 3.5.0)",
        "scales",
        "rlang (>= 0.3.0)",
        "cli",
        "tibble",
        "vctrs",
        "withr",
        "glue",
        "gtable",
        "distributional (>= 0.3.2)",
        "numDeriv",
        "quadprog",
        "Rcpp"
      ],
      "LinkingTo": [
        "Rcpp"
      ],
      "Repository": "CRAN"
    },
    "ggplot2": {
      "Package": "ggplot2",
      "Version": "4.0.3",
      "Source": "Repository",
      "Depends": [
        "R (>= 4.1)"
      ],
      "Imports": [
        "cli",
        "grDevices",
        "grid",
        "gtable (>= 0.3.6)",
        "isoband",
        "lifecycle (> 1.0.1)",
        "rlang (>= 1.1.0)",
        "S7",
        "scales (>= 1.4.0)",
        "stats",
        "vctrs (>= 0.6.0)",
        "withr (>= 2.5.0)"
      ],
      "Repository": "CRAN"
    },
    "ggridges": {
      "Package": "ggridges",
      "Version": "0.5.7",
      "Source": "Repository",
      "Depends": [
        "R (>= 3.2)"
      ],
      "Imports": [
        "ggplot2 (>= 3.5.0)",
        "grid (>= 3.0.0)",
        "scales (>= 0.4.1)",
        "withr (>= 2.1.1)"
      ],
      "Repository": "CRAN"
    },
    "globals": {
      "Package": "globals",
      "Version": "0.19.1",
      "Source": "Repository",
      "Depends": [
        "R (>= 3.1.2)"
      ],
      "Imports": [
        "codetools"
      ],
      "Repository": "CRAN"
    },
    "glue": {
      "Package": "glue",
      "Version": "1.8.1",
      "Source": "Repository",
      "Depends": [
        "R (>= 4.1)"
      ],
      "Imports": [
        "methods"
      ],
      "Repository": "CRAN"
    },
    "gridExtra": {
      "Package": "gridExtra",
      "Version": "2.3.1",
      "Source": "Repository",
      "Imports": [
        "gtable",
        "grid",
        "grDevices",
        "graphics",
        "utils"
      ],
      "Repository": "CRAN"
    },
    "gtable": {
      "Package": "gtable",
      "Version": "0.3.6",
      "Source": "Repository",
      "Depends": [
        "R (>= 4.0)"
      ],
      "Imports": [
        "cli",
        "glue",
        "grid",
        "lifecycle",
        "rlang (>= 1.1.0)",
        "stats"
      ],
      "Repository": "CRAN"
    },
    "highr": {
      "Package": "highr",
      "Version": "0.12",
      "Source": "Repository",
      "Depends": [
        "R (>= 3.3.0)"
      ],
      "Imports": [
        "xfun (>= 0.18)"
      ],
      "Repository": "CRAN"
    },
    "hms": {
      "Package": "hms",
      "Version": "1.1.4",
      "Source": "Repository",
      "Imports": [
        "cli",
        "lifecycle",
        "methods",
        "pkgconfig",
        "rlang (>= 1.0.2)",
        "vctrs (>= 0.3.8)"
      ],
      "Repository": "CRAN"
    },
    "htmltools": {
      "Package": "htmltools",
      "Version": "0.5.9",
      "Source": "Repository",
      "Depends": [
        "R (>= 2.14.1)"
      ],
      "Imports": [
        "base64enc",
        "digest",
        "fastmap (>= 1.1.0)",
        "grDevices",
        "rlang (>= 1.0.0)",
        "utils"
      ],
      "Repository": "CRAN"
    },
    "inline": {
      "Package": "inline",
      "Version": "0.3.21",
      "Source": "Repository",
      "Imports": [
        "methods"
      ],
      "Repository": "CRAN"
    },
    "isoband": {
      "Package": "isoband",
      "Version": "0.3.0",
      "Source": "Repository",
      "Imports": [
        "cli",
        "grid",
        "rlang",
        "utils"
      ],
      "LinkingTo": [
        "cpp11"
      ],
      "Repository": "CRAN"
    },
    "jquerylib": {
      "Package": "jquerylib",
      "Version": "0.1.4",
      "Source": "Repository",
      "Imports": [
        "htmltools"
      ],
      "Repository": "CRAN"
    },
    "jsonlite": {
      "Package": "jsonlite",
      "Version": "2.0.0",
      "Source": "Repository",
      "Depends": [
        "methods"
      ],
      "Repository": "CRAN"
    },
    "knitr": {
      "Package": "knitr",
      "Version": "1.52",
      "Source": "Repository",
      "Depends": [
        "R (>= 3.6.0)"
      ],
      "Imports": [
        "evaluate (>= 0.15)",
        "highr (>= 0.11)",
        "methods",
        "tools",
        "xfun (>= 0.52)",
        "yaml (>= 2.1.19)"
      ],
      "Repository": "CRAN"
    },
    "labeling": {
      "Package": "labeling",
      "Version": "0.4.3",
      "Source": "Repository",
      "Imports": [
        "stats",
        "graphics"
      ],
      "Repository": "CRAN"
    },
    "lattice": {
      "Package": "lattice",
      "Version": "0.23-1",
      "Source": "Repository",
      "Depends": [
        "R (>= 4.0.0)"
      ],
      "Imports": [
        "grid",
        "grDevices",
        "graphics",
        "stats",
        "utils"
      ],
      "Repository": "CRAN"
    },
    "lifecycle": {
      "Package": "lifecycle",
      "Version": "1.0.5",
      "Source": "Repository",
      "Depends": [
        "R (>= 3.6)"
      ],
      "Imports": [
        "cli (>= 3.4.0)",
        "rlang (>= 1.1.0)"
      ],
      "Repository": "CRAN"
    },
    "listenv": {
      "Package": "listenv",
      "Version": "1.0.0",
      "Source": "Repository",
      "Depends": [
        "R (>= 3.1.2)"
      ],
      "Repository": "CRAN"
    },
    "loo": {
      "Package": "loo",
      "Version": "2.10.1",
      "Source": "Repository",
      "Depends": [
        "R (>= 3.5)"
      ],
      "Imports": [
        "checkmate",
        "matrixStats (>= 0.52)",
        "parallel",
        "posterior (>= 1.7.0)",
        "stats"
      ],
      "Repository": "CRAN"
    },
    "magrittr": {
      "Package": "magrittr",
      "Version": "2.0.5",
      "Source": "Repository",
      "Depends": [
        "R (>= 3.4.0)"
      ],
      "Repository": "CRAN"
    },
    "matrixStats": {
      "Package": "matrixStats",
      "Version": "1.5.0",
      "Source": "Repository",
      "Depends": [
        "R (>= 3.4.0)"
      ],
      "Repository": "CRAN"
    },
    "memoise": {
      "Package": "memoise",
      "Version": "2.0.1",
      "Source": "Repository",
      "Imports": [
        "rlang (>= 0.4.10)",
        "cachem"
      ],
      "Repository": "CRAN"
    },
    "mgcv": {
      "Package": "mgcv",
      "Version": "1.9-4",
      "Source": "Repository",
      "Depends": [
        "R (>= 4.4.0)",
        "nlme (>= 3.1-64)"
      ],
      "Imports": [
        "methods",
        "stats",
        "graphics",
        "Matrix",
        "splines",
        "utils"
      ],
      "Repository": "CRAN"
    },
    "mime": {
      "Package": "mime",
      "Version": "0.13",
      "Source": "Repository",
      "Imports": [
        "tools"
      ],
      "Repository": "CRAN"
    },
    "mvtnorm": {
      "Package": "mvtnorm",
      "Version": "1.4-2",
      "Source": "Repository",
      "Imports": [
        "stats",
        "utils"
      ],
      "Depends": [
        "R(>= 3.5.0)"
      ],
      "Repository": "CRAN"
    },
    "nleqslv": {
      "Package": "nleqslv",
      "Version": "3.3.7",
      "Source": "Repository",
      "Repository": "CRAN"
    },
    "nlme": {
      "Package": "nlme",
      "Version": "3.1-171",
      "Source": "Repository",
      "Depends": [
        "R (>= 3.6.0)"
      ],
      "Imports": [
        "graphics",
        "stats",
        "utils",
        "lattice"
      ],
      "Repository": "CRAN"
    },
    "numDeriv": {
      "Package": "numDeriv",
      "Version": "2016.8-1.1",
      "Source": "Repository",
      "Depends": [
        "R (>= 2.11.1)"
      ],
      "Repository": "CRAN"
    },
    "openssl": {
      "Package": "openssl",
      "Version": "2.4.2",
      "Source": "Repository",
      "Imports": [
        "askpass"
      ],
      "Repository": "CRAN"
    },
    "otel": {
      "Package": "otel",
      "Version": "0.2.0",
      "Source": "Repository",
      "Depends": [
        "R (>= 3.6.0)"
      ],
      "Repository": "CRAN"
    },
    "parallelly": {
      "Package": "parallelly",
      "Version": "1.48.0",
      "Source": "Repository",
      "Imports": [
        "parallel",
        "tools",
        "utils"
      ],
      "Repository": "CRAN"
    },
    "pillar": {
      "Package": "pillar",
      "Version": "1.11.1",
      "Source": "Repository",
      "Imports": [
        "cli (>= 2.3.0)",
        "glue",
        "lifecycle",
        "rlang (>= 1.0.2)",
        "utf8 (>= 1.1.0)",
        "utils",
        "vctrs (>= 0.5.0)"
      ],
      "Repository": "CRAN"
    },
    "pkgbuild": {
      "Package": "pkgbuild",
      "Version": "1.4.8",
      "Source": "Repository",
      "Depends": [
        "R (>= 3.5)"
      ],
      "Imports": [
        "callr (>= 3.2.0)",
        "cli (>= 3.4.0)",
        "desc",
        "processx",
        "R6"
      ],
      "Repository": "CRAN"
    },
    "pkgconfig": {
      "Package": "pkgconfig",
      "Version": "2.0.3",
      "Source": "Repository",
      "Imports": [
        "utils"
      ],
      "Repository": "CRAN"
    },
    "plyr": {
      "Package": "plyr",
      "Version": "1.8.9",
      "Source": "Repository",
      "Depends": [
        "R (>= 3.1.0)"
      ],
      "Imports": [
        "Rcpp (>= 0.11.0)"
      ],
      "LinkingTo": [
        "Rcpp"
      ],
      "Repository": "CRAN"
    },
    "posterior": {
      "Package": "posterior",
      "Version": "1.7.0",
      "Source": "Repository",
      "Depends": [
        "R (>= 3.2.0)"
      ],
      "Imports": [
        "methods",
        "abind",
        "checkmate",
        "rlang (>= 1.0.6)",
        "stats",
        "tibble (>= 3.1.0)",
        "vctrs (>= 0.5.0)",
        "tensorA",
        "pillar",
        "distributional",
        "parallel",
        "matrixStats"
      ],
      "Repository": "CRAN"
    },
    "prettyunits": {
      "Package": "prettyunits",
      "Version": "1.2.0",
      "Source": "Repository",
      "Depends": [
        "R(>= 2.10)"
      ],
      "Repository": "CRAN"
    },
    "processx": {
      "Package": "processx",
      "Version": "3.9.0",
      "Source": "Repository",
      "Depends": [
        "R (>= 3.4.0)"
      ],
      "Imports": [
        "ps (>= 1.9.3)",
        "R6",
        "utils"
      ],
      "Repository": "CRAN"
    },
    "progress": {
      "Package": "progress",
      "Version": "1.2.3",
      "Source": "Repository",
      "Depends": [
        "R (>= 3.6)"
      ],
      "Imports": [
        "crayon",
        "hms",
        "prettyunits",
        "R6"
      ],
      "Repository": "CRAN"
    },
    "ps": {
      "Package": "ps",
      "Version": "1.9.3",
      "Source": "Repository",
      "Depends": [
        "R (>= 3.4)"
      ],
      "Imports": [
        "utils"
      ],
      "Repository": "CRAN"
    },
    "purrr": {
      "Package": "purrr",
      "Version": "1.2.2",
      "Source": "Repository",
      "Depends": [
        "R (>= 4.1)"
      ],
      "Imports": [
        "cli (>= 3.6.1)",
        "lifecycle (>= 1.0.3)",
        "magrittr (>= 1.5.0)",
        "rlang (>= 1.1.1)",
        "vctrs (>= 0.6.3)"
      ],
      "LinkingTo": [
        "cli"
      ],
      "Repository": "CRAN"
    },
    "quadprog": {
      "Package": "quadprog",
      "Version": "1.5-8",
      "Source": "Repository",
      "Depends": [
        "R (>= 3.1.0)"
      ],
      "Repository": "CRAN"
    },
    "rappdirs": {
      "Package": "rappdirs",
      "Version": "0.3.4",
      "Source": "Repository",
      "Depends": [
        "R (>= 4.1)"
      ],
      "Repository": "CRAN"
    },
    "readr": {
      "Package": "readr",
      "Version": "2.2.0",
      "Source": "Repository",
      "Depends": [
        "R (>= 4.1)"
      ],
      "Imports": [
        "cli",
        "clipr",
        "crayon",
        "glue",
        "hms (>= 0.4.1)",
        "lifecycle",
        "methods",
        "R6",
        "rlang",
        "tibble",
        "utils",
        "vroom (>= 1.7.0)",
        "withr"
      ],
      "LinkingTo": [
        "cpp11",
        "tzdb (>= 0.1.1)"
      ],
      "Repository": "CRAN"
    },
    "readxl": {
      "Package": "readxl",
      "Version": "1.5.0.1",
      "Source": "Repository",
      "Depends": [
        "R (>= 4.1)"
      ],
      "Imports": [
        "cellranger",
        "tibble (>= 2.0.1)",
        "utils"
      ],
      "LinkingTo": [
        "cpp11 (>= 0.5.5)",
        "progress"
      ],
      "Repository": "CRAN"
    },
    "rematch": {
      "Package": "rematch",
      "Version": "2.0.0",
      "Source": "Repository",
      "Repository": "CRAN"
    },
    "renv": {
      "Package": "renv",
      "Version": "1.2.4",
      "Source": "Repository",
      "Imports": [
        "utils"
      ],
      "Repository": "CRAN"
    },
    "reshape2": {
      "Package": "reshape2",
      "Version": "1.4.5",
      "Source": "Repository",
      "Depends": [
        "R (>= 3.1)"
      ],
      "Imports": [
        "plyr (>= 1.8.1)",
        "Rcpp",
        "stringr"
      ],
      "LinkingTo": [
        "Rcpp"
      ],
      "Repository": "CRAN"
    },
    "rlang": {
      "Package": "rlang",
      "Version": "1.3.0",
      "Source": "Repository",
      "Depends": [
        "R (>= 4.0.0)"
      ],
      "Imports": [
        "utils"
      ],
      "Repository": "CRAN"
    },
    "rmarkdown": {
      "Package": "rmarkdown",
      "Version": "2.32",
      "Source": "Repository",
      "Depends": [
        "R (>= 3.0)"
      ],
      "Imports": [
        "bslib (>= 0.2.5.1)",
        "evaluate (>= 0.13)",
        "fontawesome (>= 0.5.0)",
        "htmltools (>= 0.5.1)",
        "jquerylib",
        "jsonlite",
        "knitr (>= 1.50)",
        "methods",
        "tinytex (>= 0.31)",
        "tools",
        "utils",
        "xfun (>= 0.36)",
        "yaml (>= 2.1.19)"
      ],
      "Repository": "CRAN"
    },
    "rstan": {
      "Package": "rstan",
      "Version": "2.32.7",
      "Source": "Repository",
      "Imports": [
        "methods",
        "stats4",
        "inline (>= 0.3.19)",
        "gridExtra (>= 2.3)",
        "Rcpp (>= 1.0.7)",
        "RcppParallel (>= 5.1.4)",
        "loo (>= 2.4.1)",
        "pkgbuild (>= 1.2.0)",
        "QuickJSR",
        "ggplot2 (>= 3.3.5)"
      ],
      "Depends": [
        "R (>= 3.4.0)",
        "StanHeaders (>= 2.32.0)"
      ],
      "LinkingTo": [
        "Rcpp (>= 1.0.7)",
        "RcppEigen (>= 0.3.4.0.0)",
        "BH (>= 1.75.0-0)",
        "StanHeaders (>= 2.32.0)",
        "RcppParallel (>= 5.1.4)"
      ],
      "Repository": "CRAN"
    },
    "rstantools": {
      "Package": "rstantools",
      "Version": "2.7.1",
      "Source": "Repository",
      "Imports": [
        "desc",
        "stats",
        "utils",
        "Rcpp (>= 0.12.16)",
        "RcppParallel (>= 5.0.1)",
        "QuickJSR"
      ],
      "Repository": "CRAN"
    },
    "sass": {
      "Package": "sass",
      "Version": "0.4.10",
      "Source": "Repository",
      "Imports": [
        "fs (>= 1.2.4)",
        "rlang (>= 0.4.10)",
        "htmltools (>= 0.5.1)",
        "R6",
        "rappdirs"
      ],
      "Repository": "CRAN"
    },
    "scales": {
      "Package": "scales",
      "Version": "1.4.0",
      "Source": "Repository",
      "Depends": [
        "R (>= 4.1)"
      ],
      "Imports": [
        "cli",
        "farver (>= 2.0.3)",
        "glue",
        "labeling",
        "lifecycle",
        "R6",
        "RColorBrewer",
        "rlang (>= 1.1.0)",
        "viridisLite"
      ],
      "Repository": "CRAN"
    },
    "stringi": {
      "Package": "stringi",
      "Version": "1.8.9",
      "Source": "Repository",
      "Depends": [
        "R (>= 3.4)"
      ],
      "Imports": [
        "tools",
        "utils",
        "stats"
      ],
      "Repository": "CRAN"
    },
    "stringr": {
      "Package": "stringr",
      "Version": "1.6.0",
      "Source": "Repository",
      "Depends": [
        "R (>= 4.1.0)"
      ],
      "Imports": [
        "cli",
        "glue (>= 1.6.1)",
        "lifecycle (>= 1.0.3)",
        "magrittr",
        "rlang (>= 1.0.0)",
        "stringi (>= 1.5.3)",
        "vctrs (>= 0.4.0)"
      ],
      "Repository": "CRAN"
    },
    "sys": {
      "Package": "sys",
      "Version": "3.4.3",
      "Source": "Repository",
      "Repository": "CRAN"
    },
    "tensorA": {
      "Package": "tensorA",
      "Version": "0.36.2.1",
      "Source": "Repository",
      "Depends": [
        "R (>= 2.2.0)",
        "stats"
      ],
      "Repository": "CRAN"
    },
    "tibble": {
      "Package": "tibble",
      "Version": "3.3.1",
      "Source": "Repository",
      "Depends": [
        "R (>= 3.4.0)"
      ],
      "Imports": [
        "cli",
        "lifecycle (>= 1.0.0)",
        "magrittr",
        "methods",
        "pillar (>= 1.8.1)",
        "pkgconfig",
        "rlang (>= 1.0.2)",
        "utils",
        "vctrs (>= 0.5.0)"
      ],
      "Repository": "CRAN"
    },
    "tidyr": {
      "Package": "tidyr",
      "Version": "1.3.2",
      "Source": "Repository",
      "Depends": [
        "R (>= 4.1.0)"
      ],
      "Imports": [
        "cli (>= 3.4.1)",
        "dplyr (>= 1.1.0)",
        "glue",
        "lifecycle (>= 1.0.3)",
        "magrittr",
        "purrr (>= 1.0.1)",
        "rlang (>= 1.1.1)",
        "stringr (>= 1.5.0)",
        "tibble (>= 2.1.1)",
        "tidyselect (>= 1.2.1)",
        "utils",
        "vctrs (>= 0.5.2)"
      ],
      "LinkingTo": [
        "cpp11 (>= 0.4.0)"
      ],
      "Repository": "CRAN"
    },
    "tidyselect": {
      "Package": "tidyselect",
      "Version": "1.2.1",
      "Source": "Repository",
      "Depends": [
        "R (>= 3.4)"
      ],
      "Imports": [
        "cli (>= 3.3.0)",
        "glue (>= 1.3.0)",
        "lifecycle (>= 1.0.3)",
        "rlang (>= 1.0.4)",
        "vctrs (>= 0.5.2)",
        "withr"
      ],
      "Repository": "CRAN"
    },
    "tinytex": {
      "Package": "tinytex",
      "Version": "0.61",
      "Source": "Repository",
      "Imports": [
        "xfun (>= 0.48)"
      ],
      "Repository": "CRAN"
    },
    "tzdb": {
      "Package": "tzdb",
      "Version": "0.5.0",
      "Source": "Repository",
      "Depends": [
        "R (>= 4.0.0)"
      ],
      "LinkingTo": [
        "cpp11 (>= 0.5.2)"
      ],
      "Repository": "CRAN"
    },
    "utf8": {
      "Package": "utf8",
      "Version": "1.2.6",
      "Source": "Repository",
      "Depends": [
        "R (>= 2.10)"
      ],
      "Repository": "CRAN"
    },
    "vctrs": {
      "Package": "vctrs",
      "Version": "0.7.3",
      "Source": "Repository",
      "Depends": [
        "R (>= 4.0.0)"
      ],
      "Imports": [
        "cli (>= 3.4.0)",
        "glue",
        "lifecycle (>= 1.0.3)",
        "rlang (>= 1.1.7)"
      ],
      "Repository": "CRAN"
    },
    "viridisLite": {
      "Package": "viridisLite",
      "Version": "0.4.3",
      "Source": "Repository",
      "Depends": [
        "R (>= 2.10)"
      ],
      "Repository": "CRAN"
    },
    "vroom": {
      "Package": "vroom",
      "Version": "1.7.1",
      "Source": "Repository",
      "Depends": [
        "R (>= 4.1)"
      ],
      "Imports": [
        "bit64",
        "cli (>= 3.2.0)",
        "crayon",
        "glue",
        "hms",
        "lifecycle (>= 1.0.3)",
        "methods",
        "rlang (>= 1.1.0)",
        "stats",
        "tibble (>= 2.0.0)",
        "tidyselect",
        "tzdb (>= 0.1.1)",
        "vctrs (>= 0.2.0)",
        "withr"
      ],
      "LinkingTo": [
        "cpp11 (>= 0.2.0)",
        "progress (>= 1.2.3)",
        "tzdb (>= 0.1.1)"
      ],
      "Repository": "CRAN"
    },
    "withr": {
      "Package": "withr",
      "Version": "3.0.3",
      "Source": "Repository",
      "Depends": [
        "R (>= 3.6.0)"
      ],
      "Imports": [
        "graphics",
        "grDevices"
      ],
      "Repository": "CRAN"
    },
    "xfun": {
      "Package": "xfun",
      "Version": "0.61",
      "Source": "Repository",
      "Depends": [
        "R (>= 3.2.0)"
      ],
      "Imports": [
        "grDevices",
        "stats",
        "tools"
      ],
      "Repository": "CRAN"
    },
    "yaml": {
      "Package": "yaml",
      "Version": "2.3.12",
      "Source": "Repository",
      "Repository": "CRAN"
    }
  }
}
